
Microsoft Visual Studio Solution File, Format Version 12.00
# Visual Studio Version 17
VisualStudioVersion = 17.3.32922.545
MinimumVisualStudioVersion = 10.0.40219.1
Project("{2150E333-8FDC-42A3-9474-1A3956D46DE8}") = "Source", "Source", "{1149C862-D928-4982-842E-6A646B29F02B}"
EndProject
Project("{2150E333-8FDC-42A3-9474-1A3956D46DE8}") = "Presentation", "Presentation", "{A975B6DC-22C9-4A5B-9761-4F21D487F032}"
EndProject
Project("{2150E333-8FDC-42A3-9474-1A3956D46DE8}") = "WindowFormApp", "WindowFormApp", "{7196B9E1-B65E-4AEB-952B-296C92BA8FE3}"
EndProject
Project("{2150E333-8FDC-42A3-9474-1A3956D46DE8}") = "ApplicationFirst", "ApplicationFirst", "{E096C7EC-D13F-41D7-9092-3EDD9519AED2}"
EndProject
Project("{FAE04EC0-301F-11D3-BF4B-00C04F79EFBC}") = "TxtMaker", "TxtMaker\TxtMaker.csproj", "{2004C1DD-7DC6-4833-8191-02C8E3EC5DA7}"
EndProject
Global
	GlobalSection(SolutionConfigurationPlatforms) = preSolution
		Debug|Any CPU = Debug|Any CPU
		Release|Any CPU = Release|Any CPU
	EndGlobalSection
	GlobalSection(ProjectConfigurationPlatforms) = postSolution
		{2004C1DD-7DC6-4833-8191-02C8E3EC5DA7}.Debug|Any CPU.ActiveCfg = Debug|Any CPU
		{2004C1DD-7DC6-4833-8191-02C8E3EC5DA7}.Debug|Any CPU.Build.0 = Debug|Any CPU
		{2004C1DD-7DC6-4833-8191-02C8E3EC5DA7}.Release|Any CPU.ActiveCfg = Release|Any CPU
		{2004C1DD-7DC6-4833-8191-02C8E3EC5DA7}.Release|Any CPU.Build.0 = Release|Any CPU
	EndGlobalSection
	GlobalSection(SolutionProperties) = preSolution
		HideSolutionNode = FALSE
	EndGlobalSection
	GlobalSection(NestedProjects) = preSolution
		{A975B6DC-22C9-4A5B-9761-4F21D487F032} = {1149C862-D928-4982-842E-6A646B29F02B}
		{7196B9E1-B65E-4AEB-952B-296C92BA8FE3} = {A975B6DC-22C9-4A5B-9761-4F21D487F032}
		{E096C7EC-D13F-41D7-9092-3EDD9519AED2} = {1149C862-D928-4982-842E-6A646B29F02B}
		{2004C1DD-7DC6-4833-8191-02C8E3EC5DA7} = {7196B9E1-B65E-4AEB-952B-296C92BA8FE3}
	EndGlobalSection
	GlobalSection(ExtensibilityGlobals) = postSolution
		SolutionGuid = {CE963B56-7201-4812-82D4-18871C4E3024}
	EndGlobalSection
EndGlobal
